{
  "name": "vue3-plan",
  "version": "1.0.0",
  "lockfileVersion": 1,
  "requires": true,
  "dependencies": {
    "esbuild": {
      "version": "0.14.43",
      "resolved": "https://packages.tuhuyun.cn/artifactory/api/npm/npm/esbuild/-/esbuild-0.14.43.tgz",
      "integrity": "sha1-wifVhcUS0+DyO4j1C44WUBFH9kc=",
      "requires": {
        "esbuild-android-64": "0.14.43",
        "esbuild-android-arm64": "0.14.43",
        "esbuild-darwin-64": "0.14.43",
        "esbuild-darwin-arm64": "0.14.43",
        "esbuild-freebsd-64": "0.14.43",
        "esbuild-freebsd-arm64": "0.14.43",
        "esbuild-linux-32": "0.14.43",
        "esbuild-linux-64": "0.14.43",
        "esbuild-linux-arm": "0.14.43",
        "esbuild-linux-arm64": "0.14.43",
        "esbuild-linux-mips64le": "0.14.43",
        "esbuild-linux-ppc64le": "0.14.43",
        "esbuild-linux-riscv64": "0.14.43",
        "esbuild-linux-s390x": "0.14.43",
        "esbuild-netbsd-64": "0.14.43",
        "esbuild-openbsd-64": "0.14.43",
        "esbuild-sunos-64": "0.14.43",
        "esbuild-windows-32": "0.14.43",
        "esbuild-windows-64": "0.14.43",
        "esbuild-windows-arm64": "0.14.43"
      }
    },
    "esbuild-android-64": {
      "version": "0.14.43",
      "resolved": "https://packages.tuhuyun.cn/artifactory/api/npm/npm/esbuild-android-64/-/esbuild-android-64-0.14.43.tgz",
      "integrity": "sha1-Wb8+2taGPCeqkru1wdg6mlyYFJU=",
      "optional": true
    },
    "esbuild-android-arm64": {
      "version": "0.14.43",
      "resolved": "https://packages.tuhuyun.cn/artifactory/api/npm/npm/esbuild-android-arm64/-/esbuild-android-arm64-0.14.43.tgz",
      "integrity": "sha1-AlhwTt+SziRjr20pALhEtUI77WM=",
      "optional": true
    },
    "esbuild-darwin-64": {
      "version": "0.14.43",
      "resolved": "https://packages.tuhuyun.cn/artifactory/api/npm/npm/esbuild-darwin-64/-/esbuild-darwin-64-0.14.43.tgz",
      "integrity": "sha1-cqRylWeNSqBlaXm6qM9tXIySZW8=",
      "optional": true
    },
    "esbuild-darwin-arm64": {
      "version": "0.14.43",
      "resolved": "https://packages.tuhuyun.cn/artifactory/api/npm/npm/esbuild-darwin-arm64/-/esbuild-darwin-arm64-0.14.43.tgz",
      "integrity": "sha1-X1gjFwuNhbiIlX8HlOGGyqxEeso=",
      "optional": true
    },
    "esbuild-freebsd-64": {
      "version": "0.14.43",
      "resolved": "https://packages.tuhuyun.cn/artifactory/api/npm/npm/esbuild-freebsd-64/-/esbuild-freebsd-64-0.14.43.tgz",
      "integrity": "sha1-5KSLCBgQU4N+bNm9oZrgr5TUk7A=",
      "optional": true
    },
    "esbuild-freebsd-arm64": {
      "version": "0.14.43",
      "resolved": "https://packages.tuhuyun.cn/artifactory/api/npm/npm/esbuild-freebsd-arm64/-/esbuild-freebsd-arm64-0.14.43.tgz",
      "integrity": "sha1-OG54DTbB3t86HNq3ngu6zYcydOY=",
      "optional": true
    },
    "esbuild-linux-32": {
      "version": "0.14.43",
      "resolved": "https://packages.tuhuyun.cn/artifactory/api/npm/npm/esbuild-linux-32/-/esbuild-linux-32-0.14.43.tgz",
      "integrity": "sha1-BA7WuevwbXOs3yrM5/HNDBL7xqU=",
      "optional": true
    },
    "esbuild-linux-64": {
      "version": "0.14.43",
      "resolved": "https://packages.tuhuyun.cn/artifactory/api/npm/npm/esbuild-linux-64/-/esbuild-linux-64-0.14.43.tgz",
      "integrity": "sha1-iru3WUq2oAjyquctldik/cWdkAA=",
      "optional": true
    },
    "esbuild-linux-arm": {
      "version": "0.14.43",
      "resolved": "https://packages.tuhuyun.cn/artifactory/api/npm/npm/esbuild-linux-arm/-/esbuild-linux-arm-0.14.43.tgz",
      "integrity": "sha1-nkHuXgmcD/39FQ2hVDMMLAImzJY=",
      "optional": true
    },
    "esbuild-linux-arm64": {
      "version": "0.14.43",
      "resolved": "https://packages.tuhuyun.cn/artifactory/api/npm/npm/esbuild-linux-arm64/-/esbuild-linux-arm64-0.14.43.tgz",
      "integrity": "sha1-To6c53y/fv7GXnnlErPS+9LaOY8=",
      "optional": true
    },
    "esbuild-linux-mips64le": {
      "version": "0.14.43",
      "resolved": "https://packages.tuhuyun.cn/artifactory/api/npm/npm/esbuild-linux-mips64le/-/esbuild-linux-mips64le-0.14.43.tgz",
      "integrity": "sha1-S0H0ZaeH+RzE/n3/oNyr9lWTWho=",
      "optional": true
    },
    "esbuild-linux-ppc64le": {
      "version": "0.14.43",
      "resolved": "https://packages.tuhuyun.cn/artifactory/api/npm/npm/esbuild-linux-ppc64le/-/esbuild-linux-ppc64le-0.14.43.tgz",
      "integrity": "sha1-yhWTT1tGco3ZrAUnDng+f+rKnq8=",
      "optional": true
    },
    "esbuild-linux-riscv64": {
      "version": "0.14.43",
      "resolved": "https://packages.tuhuyun.cn/artifactory/api/npm/npm/esbuild-linux-riscv64/-/esbuild-linux-riscv64-0.14.43.tgz",
      "integrity": "sha1-cPzitaBgWmfli1o1ew4AvhApg20=",
      "optional": true
    },
    "esbuild-linux-s390x": {
      "version": "0.14.43",
      "resolved": "https://packages.tuhuyun.cn/artifactory/api/npm/npm/esbuild-linux-s390x/-/esbuild-linux-s390x-0.14.43.tgz",
      "integrity": "sha1-MY0DtPTMx/pErHViEhz0pFKeR3o=",
      "optional": true
    },
    "esbuild-netbsd-64": {
      "version": "0.14.43",
      "resolved": "https://packages.tuhuyun.cn/artifactory/api/npm/npm/esbuild-netbsd-64/-/esbuild-netbsd-64-0.14.43.tgz",
      "integrity": "sha1-hhMM4gTvAWKpboY7VYUe/syS9CM=",
      "optional": true
    },
    "esbuild-openbsd-64": {
      "version": "0.14.43",
      "resolved": "https://packages.tuhuyun.cn/artifactory/api/npm/npm/esbuild-openbsd-64/-/esbuild-openbsd-64-0.14.43.tgz",
      "integrity": "sha1-AincLbLe2XsDu5O7p2RrMP/fXQ0=",
      "optional": true
    },
    "esbuild-sunos-64": {
      "version": "0.14.43",
      "resolved": "https://packages.tuhuyun.cn/artifactory/api/npm/npm/esbuild-sunos-64/-/esbuild-sunos-64-0.14.43.tgz",
      "integrity": "sha1-F+MWIW658d4l1SqQADVq5bhp5zY=",
      "optional": true
    },
    "esbuild-windows-32": {
      "version": "0.14.43",
      "resolved": "https://packages.tuhuyun.cn/artifactory/api/npm/npm/esbuild-windows-32/-/esbuild-windows-32-0.14.43.tgz",
      "integrity": "sha1-oXN1e8bf0PJlb/QLZPf5KQdFd44=",
      "optional": true
    },
    "esbuild-windows-64": {
      "version": "0.14.43",
      "resolved": "https://packages.tuhuyun.cn/artifactory/api/npm/npm/esbuild-windows-64/-/esbuild-windows-64-0.14.43.tgz",
      "integrity": "sha1-xEeyMSaq0VjE/mo5Q0LK/ZeSbtE=",
      "optional": true
    },
    "esbuild-windows-arm64": {
      "version": "0.14.43",
      "resolved": "https://packages.tuhuyun.cn/artifactory/api/npm/npm/esbuild-windows-arm64/-/esbuild-windows-arm64-0.14.43.tgz",
      "integrity": "sha1-PK7RtDDTlNeng2QHudNsR1AkbnY=",
      "optional": true
    },
    "minimist": {
      "version": "1.2.6",
      "resolved": "https://packages.tuhuyun.cn/artifactory/api/npm/npm/minimist/-/minimist-1.2.6.tgz",
      "integrity": "sha1-hjelt1nqDW6YcCz7OpKDMjyTr0Q="
    },
    "typescript": {
      "version": "4.7.3",
      "resolved": "https://packages.tuhuyun.cn/artifactory/api/npm/npm/typescript/-/typescript-4.7.3.tgz",
      "integrity": "sha1-g2S1AtUle1QPneTEC+hMmOI6Ep0="
    }
  }
}
